// !$*UTF8*$!
{
	archiveVersion = 1;
	classes = {
	};
	objectVersion = 56;
	objects = {

/* Begin PBXBuildFile section */
		61230F8F2B0D313C00D78C57 /* RealmService.swift in Sources */ = {isa = PBXBuildFile; fileRef = 61230F8E2B0D313C00D78C57 /* RealmService.swift */; };
		615A6D0E2AF7E25C006688FD /* AppDelegate.swift in Sources */ = {isa = PBXBuildFile; fileRef = 615A6D0D2AF7E25C006688FD /* AppDelegate.swift */; };
		615A6D102AF7E25C006688FD /* SceneDelegate.swift in Sources */ = {isa = PBXBuildFile; fileRef = 615A6D0F2AF7E25C006688FD /* SceneDelegate.swift */; };
		615A6D152AF7E25C006688FD /* Main.storyboard in Resources */ = {isa = PBXBuildFile; fileRef = 615A6D132AF7E25C006688FD /* Main.storyboard */; };
		615A6D172AF7E25F006688FD /* Assets.xcassets in Resources */ = {isa = PBXBuildFile; fileRef = 615A6D162AF7E25F006688FD /* Assets.xcassets */; };
		615A6D272AF7E4E3006688FD /* ListCoordinator.swift in Sources */ = {isa = PBXBuildFile; fileRef = 615A6D222AF7E4E2006688FD /* ListCoordinator.swift */; };
		615A6D282AF7E4E3006688FD /* DownloadCoordinator.swift in Sources */ = {isa = PBXBuildFile; fileRef = 615A6D232AF7E4E2006688FD /* DownloadCoordinator.swift */; };
		615A6D292AF7E4E3006688FD /* MainTabBarController.swift in Sources */ = {isa = PBXBuildFile; fileRef = 615A6D242AF7E4E3006688FD /* MainTabBarController.swift */; };
		615A6D2A2AF7E4E3006688FD /* CategoryCoordinator.swift in Sources */ = {isa = PBXBuildFile; fileRef = 615A6D252AF7E4E3006688FD /* CategoryCoordinator.swift */; };
		615A6D2B2AF7E4E3006688FD /* MainCoordinator.swift in Sources */ = {isa = PBXBuildFile; fileRef = 615A6D262AF7E4E3006688FD /* MainCoordinator.swift */; };
		615A6D3A2AF7E559006688FD /* CategoryModel.swift in Sources */ = {isa = PBXBuildFile; fileRef = 615A6D372AF7E559006688FD /* CategoryModel.swift */; };
		615A6D3B2AF7E559006688FD /* CategoryViewModel.swift in Sources */ = {isa = PBXBuildFile; fileRef = 615A6D382AF7E559006688FD /* CategoryViewModel.swift */; };
		615A6D3C2AF7E559006688FD /* CategoryViewController.swift in Sources */ = {isa = PBXBuildFile; fileRef = 615A6D392AF7E559006688FD /* CategoryViewController.swift */; };
		615A6D4A2AF7E82B006688FD /* ListModel.swift in Sources */ = {isa = PBXBuildFile; fileRef = 615A6D472AF7E82B006688FD /* ListModel.swift */; };
		615A6D4B2AF7E82B006688FD /* ListViewController.swift in Sources */ = {isa = PBXBuildFile; fileRef = 615A6D452AF7E82B006688FD /* ListViewController.swift */; };
		615A6D4C2AF7E82B006688FD /* ListViewModel.swift in Sources */ = {isa = PBXBuildFile; fileRef = 615A6D482AF7E82B006688FD /* ListViewModel.swift */; };
		615A6D522AF7EB8E006688FD /* FactoryTab.swift in Sources */ = {isa = PBXBuildFile; fileRef = 615A6D512AF7EB8E006688FD /* FactoryTab.swift */; };
		615A6D542AF7EDB8006688FD /* DownloadModel.swift in Sources */ = {isa = PBXBuildFile; fileRef = 615A6D532AF7EDB8006688FD /* DownloadModel.swift */; };
		615A6D562AF7EE58006688FD /* DownloadViewModel.swift in Sources */ = {isa = PBXBuildFile; fileRef = 615A6D552AF7EE58006688FD /* DownloadViewModel.swift */; };
		615A6D582AF7EEB2006688FD /* DownloadViewController.swift in Sources */ = {isa = PBXBuildFile; fileRef = 615A6D572AF7EEB2006688FD /* DownloadViewController.swift */; };
		615A6D5A2AF7EEF4006688FD /* Buttons.swift in Sources */ = {isa = PBXBuildFile; fileRef = 615A6D592AF7EEF4006688FD /* Buttons.swift */; };
		615A6D5D2AF80A97006688FD /* Realm in Frameworks */ = {isa = PBXBuildFile; productRef = 615A6D5C2AF80A97006688FD /* Realm */; };
		615A6D5F2AF80A97006688FD /* RealmSwift in Frameworks */ = {isa = PBXBuildFile; productRef = 615A6D5E2AF80A97006688FD /* RealmSwift */; };
		615A6D612AF89B79006688FD /* Quote.swift in Sources */ = {isa = PBXBuildFile; fileRef = 615A6D602AF89B79006688FD /* Quote.swift */; };
		615A6D632AF8A0AA006688FD /* NetworkService.swift in Sources */ = {isa = PBXBuildFile; fileRef = 615A6D622AF8A0AA006688FD /* NetworkService.swift */; };
		615A6D652AF8A0DD006688FD /* Errors.swift in Sources */ = {isa = PBXBuildFile; fileRef = 615A6D642AF8A0DD006688FD /* Errors.swift */; };
/* End PBXBuildFile section */

/* Begin PBXFileReference section */
		61230F8E2B0D313C00D78C57 /* RealmService.swift */ = {isa = PBXFileReference; lastKnownFileType = sourcecode.swift; path = RealmService.swift; sourceTree = "<group>"; };
		615A6D0A2AF7E25C006688FD /* Сhucknorris.app */ = {isa = PBXFileReference; explicitFileType = wrapper.application; includeInIndex = 0; path = "Сhucknorris.app"; sourceTree = BUILT_PRODUCTS_DIR; };
		615A6D0D2AF7E25C006688FD /* AppDelegate.swift */ = {isa = PBXFileReference; lastKnownFileType = sourcecode.swift; path = AppDelegate.swift; sourceTree = "<group>"; };
		615A6D0F2AF7E25C006688FD /* SceneDelegate.swift */ = {isa = PBXFileReference; lastKnownFileType = sourcecode.swift; path = SceneDelegate.swift; sourceTree = "<group>"; };
		615A6D142AF7E25C006688FD /* Base */ = {isa = PBXFileReference; lastKnownFileType = file.storyboard; name = Base; path = Base.lproj/Main.storyboard; sourceTree = "<group>"; };
		615A6D162AF7E25F006688FD /* Assets.xcassets */ = {isa = PBXFileReference; lastKnownFileType = folder.assetcatalog; path = Assets.xcassets; sourceTree = "<group>"; };
		615A6D1B2AF7E25F006688FD /* Info.plist */ = {isa = PBXFileReference; lastKnownFileType = text.plist.xml; path = Info.plist; sourceTree = "<group>"; };
		615A6D222AF7E4E2006688FD /* ListCoordinator.swift */ = {isa = PBXFileReference; fileEncoding = 4; lastKnownFileType = sourcecode.swift; path = ListCoordinator.swift; sourceTree = "<group>"; };
		615A6D232AF7E4E2006688FD /* DownloadCoordinator.swift */ = {isa = PBXFileReference; fileEncoding = 4; lastKnownFileType = sourcecode.swift; path = DownloadCoordinator.swift; sourceTree = "<group>"; };
		615A6D242AF7E4E3006688FD /* MainTabBarController.swift */ = {isa = PBXFileReference; fileEncoding = 4; lastKnownFileType = sourcecode.swift; path = MainTabBarController.swift; sourceTree = "<group>"; };
		615A6D252AF7E4E3006688FD /* CategoryCoordinator.swift */ = {isa = PBXFileReference; fileEncoding = 4; lastKnownFileType = sourcecode.swift; path = CategoryCoordinator.swift; sourceTree = "<group>"; };
		615A6D262AF7E4E3006688FD /* MainCoordinator.swift */ = {isa = PBXFileReference; fileEncoding = 4; lastKnownFileType = sourcecode.swift; path = MainCoordinator.swift; sourceTree = "<group>"; };
		615A6D372AF7E559006688FD /* CategoryModel.swift */ = {isa = PBXFileReference; fileEncoding = 4; lastKnownFileType = sourcecode.swift; path = CategoryModel.swift; sourceTree = "<group>"; };
		615A6D382AF7E559006688FD /* CategoryViewModel.swift */ = {isa = PBXFileReference; fileEncoding = 4; lastKnownFileType = sourcecode.swift; path = CategoryViewModel.swift; sourceTree = "<group>"; };
		615A6D392AF7E559006688FD /* CategoryViewController.swift */ = {isa = PBXFileReference; fileEncoding = 4; lastKnownFileType = sourcecode.swift; path = CategoryViewController.swift; sourceTree = "<group>"; };
		615A6D452AF7E82B006688FD /* ListViewController.swift */ = {isa = PBXFileReference; lastKnownFileType = sourcecode.swift; path = ListViewController.swift; sourceTree = "<group>"; };
		615A6D472AF7E82B006688FD /* ListModel.swift */ = {isa = PBXFileReference; lastKnownFileType = sourcecode.swift; path = ListModel.swift; sourceTree = "<group>"; };
		615A6D482AF7E82B006688FD /* ListViewModel.swift */ = {isa = PBXFileReference; lastKnownFileType = sourcecode.swift; path = ListViewModel.swift; sourceTree = "<group>"; };
		615A6D512AF7EB8E006688FD /* FactoryTab.swift */ = {isa = PBXFileReference; fileEncoding = 4; lastKnownFileType = sourcecode.swift; path = FactoryTab.swift; sourceTree = "<group>"; };
		615A6D532AF7EDB8006688FD /* DownloadModel.swift */ = {isa = PBXFileReference; lastKnownFileType = sourcecode.swift; path = DownloadModel.swift; sourceTree = "<group>"; };
		615A6D552AF7EE58006688FD /* DownloadViewModel.swift */ = {isa = PBXFileReference; lastKnownFileType = sourcecode.swift; path = DownloadViewModel.swift; sourceTree = "<group>"; };
		615A6D572AF7EEB2006688FD /* DownloadViewController.swift */ = {isa = PBXFileReference; lastKnownFileType = sourcecode.swift; path = DownloadViewController.swift; sourceTree = "<group>"; };
		615A6D592AF7EEF4006688FD /* Buttons.swift */ = {isa = PBXFileReference; fileEncoding = 4; lastKnownFileType = sourcecode.swift; path = Buttons.swift; sourceTree = "<group>"; };
		615A6D602AF89B79006688FD /* Quote.swift */ = {isa = PBXFileReference; lastKnownFileType = sourcecode.swift; path = Quote.swift; sourceTree = "<group>"; };
		615A6D622AF8A0AA006688FD /* NetworkService.swift */ = {isa = PBXFileReference; lastKnownFileType = sourcecode.swift; path = NetworkService.swift; sourceTree = "<group>"; };
		615A6D642AF8A0DD006688FD /* Errors.swift */ = {isa = PBXFileReference; lastKnownFileType = sourcecode.swift; path = Errors.swift; sourceTree = "<group>"; };
/* End PBXFileReference section */

/* Begin PBXFrameworksBuildPhase section */
		615A6D072AF7E25C006688FD /* Frameworks */ = {
			isa = PBXFrameworksBuildPhase;
			buildActionMask = 2147483647;
			files = (
				615A6D5F2AF80A97006688FD /* RealmSwift in Frameworks */,
				615A6D5D2AF80A97006688FD /* Realm in Frameworks */,
			);
			runOnlyForDeploymentPostprocessing = 0;
		};
/* End PBXFrameworksBuildPhase section */

/* Begin PBXGroup section */
		615A6D012AF7E25C006688FD = {
			isa = PBXGroup;
			children = (
				615A6D0C2AF7E25C006688FD /* Сhucknorris */,
				615A6D0B2AF7E25C006688FD /* Products */,
			);
			sourceTree = "<group>";
		};
		615A6D0B2AF7E25C006688FD /* Products */ = {
			isa = PBXGroup;
			children = (
				615A6D0A2AF7E25C006688FD /* Сhucknorris.app */,
			);
			name = Products;
			sourceTree = "<group>";
		};
		615A6D0C2AF7E25C006688FD /* Сhucknorris */ = {
			isa = PBXGroup;
			children = (
				615A6D422AF7E7F9006688FD /* List */,
				615A6D2E2AF7E508006688FD /* Load */,
				615A6D212AF7E4B3006688FD /* Coordinators */,
				615A6D0D2AF7E25C006688FD /* AppDelegate.swift */,
				615A6D592AF7EEF4006688FD /* Buttons.swift */,
				615A6D602AF89B79006688FD /* Quote.swift */,
				61230F8E2B0D313C00D78C57 /* RealmService.swift */,
				615A6D0F2AF7E25C006688FD /* SceneDelegate.swift */,
				615A6D362AF7E559006688FD /* Category */,
				615A6D132AF7E25C006688FD /* Main.storyboard */,
				615A6D622AF8A0AA006688FD /* NetworkService.swift */,
				615A6D642AF8A0DD006688FD /* Errors.swift */,
				615A6D502AF7EB8E006688FD /* Factory */,
				615A6D162AF7E25F006688FD /* Assets.xcassets */,
				615A6D1B2AF7E25F006688FD /* Info.plist */,
			);
			path = "Сhucknorris";
			sourceTree = "<group>";
		};
		615A6D212AF7E4B3006688FD /* Coordinators */ = {
			isa = PBXGroup;
			children = (
				615A6D232AF7E4E2006688FD /* DownloadCoordinator.swift */,
				615A6D262AF7E4E3006688FD /* MainCoordinator.swift */,
				615A6D242AF7E4E3006688FD /* MainTabBarController.swift */,
				615A6D252AF7E4E3006688FD /* CategoryCoordinator.swift */,
				615A6D222AF7E4E2006688FD /* ListCoordinator.swift */,
			);
			path = Coordinators;
			sourceTree = "<group>";
		};
		615A6D2E2AF7E508006688FD /* Load */ = {
			isa = PBXGroup;
			children = (
				615A6D532AF7EDB8006688FD /* DownloadModel.swift */,
				615A6D552AF7EE58006688FD /* DownloadViewModel.swift */,
				615A6D572AF7EEB2006688FD /* DownloadViewController.swift */,
			);
			path = Load;
			sourceTree = "<group>";
		};
		615A6D362AF7E559006688FD /* Category */ = {
			isa = PBXGroup;
			children = (
				615A6D372AF7E559006688FD /* CategoryModel.swift */,
				615A6D382AF7E559006688FD /* CategoryViewModel.swift */,
				615A6D392AF7E559006688FD /* CategoryViewController.swift */,
			);
			path = Category;
			sourceTree = "<group>";
		};
		615A6D422AF7E7F9006688FD /* List */ = {
			isa = PBXGroup;
			children = (
				615A6D472AF7E82B006688FD /* ListModel.swift */,
				615A6D452AF7E82B006688FD /* ListViewController.swift */,
				615A6D482AF7E82B006688FD /* ListViewModel.swift */,
			);
			path = List;
			sourceTree = "<group>";
		};
		615A6D502AF7EB8E006688FD /* Factory */ = {
			isa = PBXGroup;
			children = (
				615A6D512AF7EB8E006688FD /* FactoryTab.swift */,
			);
			path = Factory;
			sourceTree = "<group>";
		};
/* End PBXGroup section */

/* Begin PBXNativeTarget section */
		615A6D092AF7E25C006688FD /* Сhucknorris */ = {
			isa = PBXNativeTarget;
			buildConfigurationList = 615A6D1E2AF7E25F006688FD /* Build configuration list for PBXNativeTarget "Сhucknorris" */;
			buildPhases = (
				615A6D062AF7E25C006688FD /* Sources */,
				615A6D072AF7E25C006688FD /* Frameworks */,
				615A6D082AF7E25C006688FD /* Resources */,
			);
			buildRules = (
			);
			dependencies = (
			);
			name = "Сhucknorris";
			packageProductDependencies = (
				615A6D5C2AF80A97006688FD /* Realm */,
				615A6D5E2AF80A97006688FD /* RealmSwift */,
			);
			productName = "Сhucknorris";
			productReference = 615A6D0A2AF7E25C006688FD /* Сhucknorris.app */;
			productType = "com.apple.product-type.application";
		};
/* End PBXNativeTarget section */

/* Begin PBXProject section */
		615A6D022AF7E25C006688FD /* Project object */ = {
			isa = PBXProject;
			attributes = {
				BuildIndependentTargetsInParallel = 1;
				LastSwiftUpdateCheck = 1500;
				LastUpgradeCheck = 1500;
				TargetAttributes = {
					615A6D092AF7E25C006688FD = {
						CreatedOnToolsVersion = 15.0;
					};
				};
			};
			buildConfigurationList = 615A6D052AF7E25C006688FD /* Build configuration list for PBXProject "Сhucknorris" */;
			compatibilityVersion = "Xcode 14.0";
			developmentRegion = en;
			hasScannedForEncodings = 0;
			knownRegions = (
				en,
				Base,
			);
			mainGroup = 615A6D012AF7E25C006688FD;
			packageReferences = (
				615A6D5B2AF80A97006688FD /* XCRemoteSwiftPackageReference "realm-swift" */,
			);
			productRefGroup = 615A6D0B2AF7E25C006688FD /* Products */;
			projectDirPath = "";
			projectRoot = "";
			targets = (
				615A6D092AF7E25C006688FD /* Сhucknorris */,
			);
		};
/* End PBXProject section */

/* Begin PBXResourcesBuildPhase section */
		615A6D082AF7E25C006688FD /* Resources */ = {
			isa = PBXResourcesBuildPhase;
			buildActionMask = 2147483647;
			files = (
				615A6D172AF7E25F006688FD /* Assets.xcassets in Resources */,
				615A6D152AF7E25C006688FD /* Main.storyboard in Resources */,
			);
			runOnlyForDeploymentPostprocessing = 0;
		};
/* End PBXResourcesBuildPhase section */

/* Begin PBXSourcesBuildPhase section */
		615A6D062AF7E25C006688FD /* Sources */ = {
			isa = PBXSourcesBuildPhase;
			buildActionMask = 2147483647;
			files = (
				615A6D632AF8A0AA006688FD /* NetworkService.swift in Sources */,
				61230F8F2B0D313C00D78C57 /* RealmService.swift in Sources */,
				615A6D272AF7E4E3006688FD /* ListCoordinator.swift in Sources */,
				615A6D4C2AF7E82B006688FD /* ListViewModel.swift in Sources */,
				615A6D2B2AF7E4E3006688FD /* MainCoordinator.swift in Sources */,
				615A6D4A2AF7E82B006688FD /* ListModel.swift in Sources */,
				615A6D3B2AF7E559006688FD /* CategoryViewModel.swift in Sources */,
				615A6D3C2AF7E559006688FD /* CategoryViewController.swift in Sources */,
				615A6D582AF7EEB2006688FD /* DownloadViewController.swift in Sources */,
				615A6D3A2AF7E559006688FD /* CategoryModel.swift in Sources */,
				615A6D562AF7EE58006688FD /* DownloadViewModel.swift in Sources */,
				615A6D4B2AF7E82B006688FD /* ListViewController.swift in Sources */,
				615A6D522AF7EB8E006688FD /* FactoryTab.swift in Sources */,
				615A6D292AF7E4E3006688FD /* MainTabBarController.swift in Sources */,
				615A6D0E2AF7E25C006688FD /* AppDelegate.swift in Sources */,
				615A6D5A2AF7EEF4006688FD /* Buttons.swift in Sources */,
				615A6D542AF7EDB8006688FD /* DownloadModel.swift in Sources */,
				615A6D652AF8A0DD006688FD /* Errors.swift in Sources */,
				615A6D282AF7E4E3006688FD /* DownloadCoordinator.swift in Sources */,
				615A6D2A2AF7E4E3006688FD /* CategoryCoordinator.swift in Sources */,
				615A6D612AF89B79006688FD /* Quote.swift in Sources */,
				615A6D102AF7E25C006688FD /* SceneDelegate.swift in Sources */,
			);
			runOnlyForDeploymentPostprocessing = 0;
		};
/* End PBXSourcesBuildPhase section */

/* Begin PBXVariantGroup section */
		615A6D132AF7E25C006688FD /* Main.storyboard */ = {
			isa = PBXVariantGroup;
			children = (
				615A6D142AF7E25C006688FD /* Base */,
			);
			name = Main.storyboard;
			sourceTree = "<group>";
		};
/* End PBXVariantGroup section */

/* Begin XCBuildConfiguration section */
		615A6D1C2AF7E25F006688FD /* Debug */ = {
			isa = XCBuildConfiguration;
			buildSettings = {
				ALWAYS_SEARCH_USER_PATHS = NO;
				ASSETCATALOG_COMPILER_GENERATE_SWIFT_ASSET_SYMBOL_EXTENSIONS = YES;
				CLANG_ANALYZER_NONNULL = YES;
				CLANG_ANALYZER_NUMBER_OBJECT_CONVERSION = YES_AGGRESSIVE;
				CLANG_CXX_LANGUAGE_STANDARD = "gnu++20";
				CLANG_ENABLE_MODULES = YES;
				CLANG_ENABLE_OBJC_ARC = YES;
				CLANG_ENABLE_OBJC_WEAK = YES;
				CLANG_WARN_BLOCK_CAPTURE_AUTORELEASING = YES;
				CLANG_WARN_BOOL_CONVERSION = YES;
				CLANG_WARN_COMMA = YES;
				CLANG_WARN_CONSTANT_CONVERSION = YES;
				CLANG_WARN_DEPRECATED_OBJC_IMPLEMENTATIONS = YES;
				CLANG_WARN_DIRECT_OBJC_ISA_USAGE = YES_ERROR;
				CLANG_WARN_DOCUMENTATION_COMMENTS = YES;
				CLANG_WARN_EMPTY_BODY = YES;
				CLANG_WARN_ENUM_CONVERSION = YES;
				CLANG_WARN_INFINITE_RECURSION = YES;
				CLANG_WARN_INT_CONVERSION = YES;
				CLANG_WARN_NON_LITERAL_NULL_CONVERSION = YES;
				CLANG_WARN_OBJC_IMPLICIT_RETAIN_SELF = YES;
				CLANG_WARN_OBJC_LITERAL_CONVERSION = YES;
				CLANG_WARN_OBJC_ROOT_CLASS = YES_ERROR;
				CLANG_WARN_QUOTED_INCLUDE_IN_FRAMEWORK_HEADER = YES;
				CLANG_WARN_RANGE_LOOP_ANALYSIS = YES;
				CLANG_WARN_STRICT_PROTOTYPES = YES;
				CLANG_WARN_SUSPICIOUS_MOVE = YES;
				CLANG_WARN_UNGUARDED_AVAILABILITY = YES_AGGRESSIVE;
				CLANG_WARN_UNREACHABLE_CODE = YES;
				CLANG_WARN__DUPLICATE_METHOD_MATCH = YES;
				COPY_PHASE_STRIP = NO;
				DEBUG_INFORMATION_FORMAT = dwarf;
				ENABLE_STRICT_OBJC_MSGSEND = YES;
				ENABLE_TESTABILITY = YES;
				ENABLE_USER_SCRIPT_SANDBOXING = YES;
				GCC_C_LANGUAGE_STANDARD = gnu17;
				GCC_DYNAMIC_NO_PIC = NO;
				GCC_NO_COMMON_BLOCKS = YES;
				GCC_OPTIMIZATION_LEVEL = 0;
				GCC_PREPROCESSOR_DEFINITIONS = (
					"DEBUG=1",
					"$(inherited)",
				);
				GCC_WARN_64_TO_32_BIT_CONVERSION = YES;
				GCC_WARN_ABOUT_RETURN_TYPE = YES_ERROR;
				GCC_WARN_UNDECLARED_SELECTOR = YES;
				GCC_WARN_UNINITIALIZED_AUTOS = YES_AGGRESSIVE;
				GCC_WARN_UNUSED_FUNCTION = YES;
				GCC_WARN_UNUSED_VARIABLE = YES;
				IPHONEOS_DEPLOYMENT_TARGET = 17.0;
				LOCALIZATION_PREFERS_STRING_CATALOGS = YES;
				MTL_ENABLE_DEBUG_INFO = INCLUDE_SOURCE;
				MTL_FAST_MATH = YES;
				ONLY_ACTIVE_ARCH = YES;
				SDKROOT = iphoneos;
				SWIFT_ACTIVE_COMPILATION_CONDITIONS = "DEBUG $(inherited)";
				SWIFT_OPTIMIZATION_LEVEL = "-Onone";
			};
			name = Debug;
		};
		615A6D1D2AF7E25F006688FD /* Release */ = {
			isa = XCBuildConfiguration;
			buildSettings = {
				ALWAYS_SEARCH_USER_PATHS = NO;
				ASSETCATALOG_COMPILER_GENERATE_SWIFT_ASSET_SYMBOL_EXTENSIONS = YES;
				CLANG_ANALYZER_NONNULL = YES;
				CLANG_ANALYZER_NUMBER_OBJECT_CONVERSION = YES_AGGRESSIVE;
				CLANG_CXX_LANGUAGE_STANDARD = "gnu++20";
				CLANG_ENABLE_MODULES = YES;
				CLANG_ENABLE_OBJC_ARC = YES;
				CLANG_ENABLE_OBJC_WEAK = YES;
				CLANG_WARN_BLOCK_CAPTURE_AUTORELEASING = YES;
				CLANG_WARN_BOOL_CONVERSION = YES;
				CLANG_WARN_COMMA = YES;
				CLANG_WARN_CONSTANT_CONVERSION = YES;
				CLANG_WARN_DEPRECATED_OBJC_IMPLEMENTATIONS = YES;
				CLANG_WARN_DIRECT_OBJC_ISA_USAGE = YES_ERROR;
				CLANG_WARN_DOCUMENTATION_COMMENTS = YES;
				CLANG_WARN_EMPTY_BODY = YES;
				CLANG_WARN_ENUM_CONVERSION = YES;
				CLANG_WARN_INFINITE_RECURSION = YES;
				CLANG_WARN_INT_CONVERSION = YES;
				CLANG_WARN_NON_LITERAL_NULL_CONVERSION = YES;
				CLANG_WARN_OBJC_IMPLICIT_RETAIN_SELF = YES;
				CLANG_WARN_OBJC_LITERAL_CONVERSION = YES;
				CLANG_WARN_OBJC_ROOT_CLASS = YES_ERROR;
				CLANG_WARN_QUOTED_INCLUDE_IN_FRAMEWORK_HEADER = YES;
				CLANG_WARN_RANGE_LOOP_ANALYSIS = YES;
				CLANG_WARN_STRICT_PROTOTYPES = YES;
				CLANG_WARN_SUSPICIOUS_MOVE = YES;
				CLANG_WARN_UNGUARDED_AVAILABILITY = YES_AGGRESSIVE;
				CLANG_WARN_UNREACHABLE_CODE = YES;
				CLANG_WARN__DUPLICATE_METHOD_MATCH = YES;
				COPY_PHASE_STRIP = NO;
				DEBUG_INFORMATION_FORMAT = "dwarf-with-dsym";
				ENABLE_NS_ASSERTIONS = NO;
				ENABLE_STRICT_OBJC_MSGSEND = YES;
				ENABLE_USER_SCRIPT_SANDBOXING = YES;
				GCC_C_LANGUAGE_STANDARD = gnu17;
				GCC_NO_COMMON_BLOCKS = YES;
				GCC_WARN_64_TO_32_BIT_CONVERSION = YES;
				GCC_WARN_ABOUT_RETURN_TYPE = YES_ERROR;
				GCC_WARN_UNDECLARED_SELECTOR = YES;
				GCC_WARN_UNINITIALIZED_AUTOS = YES_AGGRESSIVE;
				GCC_WARN_UNUSED_FUNCTION = YES;
				GCC_WARN_UNUSED_VARIABLE = YES;
				IPHONEOS_DEPLOYMENT_TARGET = 17.0;
				LOCALIZATION_PREFERS_STRING_CATALOGS = YES;
				MTL_ENABLE_DEBUG_INFO = NO;
				MTL_FAST_MATH = YES;
				SDKROOT = iphoneos;
				SWIFT_COMPILATION_MODE = wholemodule;
				VALIDATE_PRODUCT = YES;
			};
			name = Release;
		};
		615A6D1F2AF7E25F006688FD /* Debug */ = {
			isa = XCBuildConfiguration;
			buildSettings = {
				ASSETCATALOG_COMPILER_APPICON_NAME = AppIcon;
				ASSETCATALOG_COMPILER_GLOBAL_ACCENT_COLOR_NAME = AccentColor;
				CODE_SIGN_STYLE = Automatic;
				CURRENT_PROJECT_VERSION = 1;
				DEVELOPMENT_TEAM = DDMVZ4HQY9;
				GENERATE_INFOPLIST_FILE = YES;
				INFOPLIST_FILE = "Сhucknorris/Info.plist";
				INFOPLIST_KEY_UIApplicationSupportsIndirectInputEvents = YES;
				INFOPLIST_KEY_UILaunchStoryboardName = LaunchScreen;
				INFOPLIST_KEY_UISupportedInterfaceOrientations_iPad = "UIInterfaceOrientationPortrait UIInterfaceOrientationPortraitUpsideDown UIInterfaceOrientationLandscapeLeft UIInterfaceOrientationLandscapeRight";
				INFOPLIST_KEY_UISupportedInterfaceOrientations_iPhone = "UIInterfaceOrientationPortrait UIInterfaceOrientationLandscapeLeft UIInterfaceOrientationLandscapeRight";
				IPHONEOS_DEPLOYMENT_TARGET = 15.0;
				LD_RUNPATH_SEARCH_PATHS = (
					"$(inherited)",
					"@executable_path/Frameworks",
				);
				MARKETING_VERSION = 1.0;
				PRODUCT_BUNDLE_IDENTIFIER = com.nagaevaki.chucknorris;
				PRODUCT_NAME = "$(TARGET_NAME)";
				SUPPORTED_PLATFORMS = "iphoneos iphonesimulator";
				SUPPORTS_MACCATALYST = NO;
				SUPPORTS_MAC_DESIGNED_FOR_IPHONE_IPAD = NO;
				SWIFT_EMIT_LOC_STRINGS = YES;
				SWIFT_VERSION = 5.0;
				TARGETED_DEVICE_FAMILY = 1;
			};
			name = Debug;
		};
		615A6D202AF7E25F006688FD /* Release */ = {
			isa = XCBuildConfiguration;
			buildSettings = {
				ASSETCATALOG_COMPILER_APPICON_NAME = AppIcon;
				ASSETCATALOG_COMPILER_GLOBAL_ACCENT_COLOR_NAME = AccentColor;
				CODE_SIGN_STYLE = Automatic;
				CURRENT_PROJECT_VERSION = 1;
				DEVELOPMENT_TEAM = DDMVZ4HQY9;
				GENERATE_INFOPLIST_FILE = YES;
				INFOPLIST_FILE = "Сhucknorris/Info.plist";
				INFOPLIST_KEY_UIApplicationSupportsIndirectInputEvents = YES;
				INFOPLIST_KEY_UILaunchStoryboardName = LaunchScreen;
				INFOPLIST_KEY_UISupportedInterfaceOrientations_iPad = "UIInterfaceOrientationPortrait UIInterfaceOrientationPortraitUpsideDown UIInterfaceOrientationLandscapeLeft UIInterfaceOrientationLandscapeRight";
				INFOPLIST_KEY_UISupportedInterfaceOrientations_iPhone = "UIInterfaceOrientationPortrait UIInterfaceOrientationLandscapeLeft UIInterfaceOrientationLandscapeRight";
				IPHONEOS_DEPLOYMENT_TARGET = 15.0;
				LD_RUNPATH_SEARCH_PATHS = (
					"$(inherited)",
					"@executable_path/Frameworks",
				);
				MARKETING_VERSION = 1.0;
				PRODUCT_BUNDLE_IDENTIFIER = com.nagaevaki.chucknorris;
				PRODUCT_NAME = "$(TARGET_NAME)";
				SUPPORTED_PLATFORMS = "iphoneos iphonesimulator";
				SUPPORTS_MACCATALYST = NO;
				SUPPORTS_MAC_DESIGNED_FOR_IPHONE_IPAD = NO;
				SWIFT_EMIT_LOC_STRINGS = YES;
				SWIFT_VERSION = 5.0;
				TARGETED_DEVICE_FAMILY = 1;
			};
			name = Release;
		};
/* End XCBuildConfiguration section */

/* Begin XCConfigurationList section */
		615A6D052AF7E25C006688FD /* Build configuration list for PBXProject "Сhucknorris" */ = {
			isa = XCConfigurationList;
			buildConfigurations = (
				615A6D1C2AF7E25F006688FD /* Debug */,
				615A6D1D2AF7E25F006688FD /* Release */,
			);
			defaultConfigurationIsVisible = 0;
			defaultConfigurationName = Release;
		};
		615A6D1E2AF7E25F006688FD /* Build configuration list for PBXNativeTarget "Сhucknorris" */ = {
			isa = XCConfigurationList;
			buildConfigurations = (
				615A6D1F2AF7E25F006688FD /* Debug */,
				615A6D202AF7E25F006688FD /* Release */,
			);
			defaultConfigurationIsVisible = 0;
			defaultConfigurationName = Release;
		};
/* End XCConfigurationList section */

/* Begin XCRemoteSwiftPackageReference section */
		615A6D5B2AF80A97006688FD /* XCRemoteSwiftPackageReference "realm-swift" */ = {
			isa = XCRemoteSwiftPackageReference;
			repositoryURL = "https://github.com/realm/realm-swift";
			requirement = {
				kind = versionRange;
				maximumVersion = 11.0.0;
				minimumVersion = 10.44.0;
			};
		};
/* End XCRemoteSwiftPackageReference section */

/* Begin XCSwiftPackageProductDependency section */
		615A6D5C2AF80A97006688FD /* Realm */ = {
			isa = XCSwiftPackageProductDependency;
			package = 615A6D5B2AF80A97006688FD /* XCRemoteSwiftPackageReference "realm-swift" */;
			productName = Realm;
		};
		615A6D5E2AF80A97006688FD /* RealmSwift */ = {
			isa = XCSwiftPackageProductDependency;
			package = 615A6D5B2AF80A97006688FD /* XCRemoteSwiftPackageReference "realm-swift" */;
			productName = RealmSwift;
		};
/* End XCSwiftPackageProductDependency section */
	};
	rootObject = 615A6D022AF7E25C006688FD /* Project object */;
}
